// !$*UTF8*$!
{
	archiveVersion = 1;
	classes = {
	};
	objectVersion = 56;
	objects = {

/* Begin PBXBuildFile section */
		545CC4B72C5CAFC400EE5F60 /* AppDelegate.swift in Sources */ = {isa = PBXBuildFile; fileRef = 545CC4B62C5CAFC400EE5F60 /* AppDelegate.swift */; };
		545CC4B92C5CAFC400EE5F60 /* SceneDelegate.swift in Sources */ = {isa = PBXBuildFile; fileRef = 545CC4B82C5CAFC400EE5F60 /* SceneDelegate.swift */; };
		545CC4BB2C5CAFC400EE5F60 /* ViewController.swift in Sources */ = {isa = PBXBuildFile; fileRef = 545CC4BA2C5CAFC400EE5F60 /* ViewController.swift */; };
		545CC4BE2C5CAFC400EE5F60 /* Base in Resources */ = {isa = PBXBuildFile; fileRef = 545CC4BD2C5CAFC400EE5F60 /* Base */; };
		545CC4C02C5CAFC500EE5F60 /* Assets.xcassets in Resources */ = {isa = PBXBuildFile; fileRef = 545CC4BF2C5CAFC500EE5F60 /* Assets.xcassets */; };
		545CC4C32C5CAFC500EE5F60 /* Base in Resources */ = {isa = PBXBuildFile; fileRef = 545CC4C22C5CAFC500EE5F60 /* Base */; };
		545CC4DB2C5CAFE900EE5F60 /* BirthdayViewController.swift in Sources */ = {isa = PBXBuildFile; fileRef = 545CC4CA2C5CAFE800EE5F60 /* BirthdayViewController.swift */; };
		545CC4DC2C5CAFE900EE5F60 /* NicknameViewController.swift in Sources */ = {isa = PBXBuildFile; fileRef = 545CC4CB2C5CAFE800EE5F60 /* NicknameViewController.swift */; };
		545CC4DD2C5CAFE900EE5F60 /* PhoneViewController.swift in Sources */ = {isa = PBXBuildFile; fileRef = 545CC4CC2C5CAFE800EE5F60 /* PhoneViewController.swift */; };
		545CC4DE2C5CAFE900EE5F60 /* PasswordViewController.swift in Sources */ = {isa = PBXBuildFile; fileRef = 545CC4CE2C5CAFE800EE5F60 /* PasswordViewController.swift */; };
		545CC4DF2C5CAFE900EE5F60 /* SignUpViewController.swift in Sources */ = {isa = PBXBuildFile; fileRef = 545CC4CF2C5CAFE800EE5F60 /* SignUpViewController.swift */; };
		545CC4E02C5CAFE900EE5F60 /* DetailViewController.swift in Sources */ = {isa = PBXBuildFile; fileRef = 545CC4D12C5CAFE800EE5F60 /* DetailViewController.swift */; };
		545CC4E12C5CAFE900EE5F60 /* SearchTableViewCell.swift in Sources */ = {isa = PBXBuildFile; fileRef = 545CC4D22C5CAFE800EE5F60 /* SearchTableViewCell.swift */; };
		545CC4E22C5CAFE900EE5F60 /* SearchViewController.swift in Sources */ = {isa = PBXBuildFile; fileRef = 545CC4D32C5CAFE800EE5F60 /* SearchViewController.swift */; };
		545CC4E32C5CAFE900EE5F60 /* PointButton.swift in Sources */ = {isa = PBXBuildFile; fileRef = 545CC4D52C5CAFE900EE5F60 /* PointButton.swift */; };
		545CC4E42C5CAFE900EE5F60 /* SignTextField.swift in Sources */ = {isa = PBXBuildFile; fileRef = 545CC4D62C5CAFE900EE5F60 /* SignTextField.swift */; };
		545CC4E52C5CAFE900EE5F60 /* SignInViewController.swift in Sources */ = {isa = PBXBuildFile; fileRef = 545CC4D82C5CAFE900EE5F60 /* SignInViewController.swift */; };
		545CC4E62C5CAFE900EE5F60 /* SignInViewModel.swift in Sources */ = {isa = PBXBuildFile; fileRef = 545CC4D92C5CAFE900EE5F60 /* SignInViewModel.swift */; };
		545CC4E82C5CB00200EE5F60 /* Resource.swift in Sources */ = {isa = PBXBuildFile; fileRef = 545CC4E72C5CB00200EE5F60 /* Resource.swift */; };
		545CC4EB2C5CB01500EE5F60 /* SnapKit in Frameworks */ = {isa = PBXBuildFile; productRef = 545CC4EA2C5CB01500EE5F60 /* SnapKit */; };
		545CC4EE2C5CB04400EE5F60 /* RxCocoa in Frameworks */ = {isa = PBXBuildFile; productRef = 545CC4ED2C5CB04400EE5F60 /* RxCocoa */; };
		545CC4F02C5CB04400EE5F60 /* RxSwift in Frameworks */ = {isa = PBXBuildFile; productRef = 545CC4EF2C5CB04400EE5F60 /* RxSwift */; };
/* End PBXBuildFile section */

/* Begin PBXFileReference section */
		545CC4B32C5CAFC400EE5F60 /* RxThreadPractice.app */ = {isa = PBXFileReference; explicitFileType = wrapper.application; includeInIndex = 0; path = RxThreadPractice.app; sourceTree = BUILT_PRODUCTS_DIR; };
		545CC4B62C5CAFC400EE5F60 /* AppDelegate.swift */ = {isa = PBXFileReference; lastKnownFileType = sourcecode.swift; path = AppDelegate.swift; sourceTree = "<group>"; };
		545CC4B82C5CAFC400EE5F60 /* SceneDelegate.swift */ = {isa = PBXFileReference; lastKnownFileType = sourcecode.swift; path = SceneDelegate.swift; sourceTree = "<group>"; };
		545CC4BA2C5CAFC400EE5F60 /* ViewController.swift */ = {isa = PBXFileReference; lastKnownFileType = sourcecode.swift; path = ViewController.swift; sourceTree = "<group>"; };
		545CC4BD2C5CAFC400EE5F60 /* Base */ = {isa = PBXFileReference; lastKnownFileType = file.storyboard; name = Base; path = Base.lproj/Main.storyboard; sourceTree = "<group>"; };
		545CC4BF2C5CAFC500EE5F60 /* Assets.xcassets */ = {isa = PBXFileReference; lastKnownFileType = folder.assetcatalog; path = Assets.xcassets; sourceTree = "<group>"; };
		545CC4C22C5CAFC500EE5F60 /* Base */ = {isa = PBXFileReference; lastKnownFileType = file.storyboard; name = Base; path = Base.lproj/LaunchScreen.storyboard; sourceTree = "<group>"; };
		545CC4C42C5CAFC500EE5F60 /* Info.plist */ = {isa = PBXFileReference; lastKnownFileType = text.plist.xml; path = Info.plist; sourceTree = "<group>"; };
		545CC4CA2C5CAFE800EE5F60 /* BirthdayViewController.swift */ = {isa = PBXFileReference; fileEncoding = 4; lastKnownFileType = sourcecode.swift; path = BirthdayViewController.swift; sourceTree = "<group>"; };
		545CC4CB2C5CAFE800EE5F60 /* NicknameViewController.swift */ = {isa = PBXFileReference; fileEncoding = 4; lastKnownFileType = sourcecode.swift; path = NicknameViewController.swift; sourceTree = "<group>"; };
		545CC4CC2C5CAFE800EE5F60 /* PhoneViewController.swift */ = {isa = PBXFileReference; fileEncoding = 4; lastKnownFileType = sourcecode.swift; path = PhoneViewController.swift; sourceTree = "<group>"; };
		545CC4CE2C5CAFE800EE5F60 /* PasswordViewController.swift */ = {isa = PBXFileReference; fileEncoding = 4; lastKnownFileType = sourcecode.swift; path = PasswordViewController.swift; sourceTree = "<group>"; };
		545CC4CF2C5CAFE800EE5F60 /* SignUpViewController.swift */ = {isa = PBXFileReference; fileEncoding = 4; lastKnownFileType = sourcecode.swift; path = SignUpViewController.swift; sourceTree = "<group>"; };
		545CC4D12C5CAFE800EE5F60 /* DetailViewController.swift */ = {isa = PBXFileReference; fileEncoding = 4; lastKnownFileType = sourcecode.swift; path = DetailViewController.swift; sourceTree = "<group>"; };
		545CC4D22C5CAFE800EE5F60 /* SearchTableViewCell.swift */ = {isa = PBXFileReference; fileEncoding = 4; lastKnownFileType = sourcecode.swift; path = SearchTableViewCell.swift; sourceTree = "<group>"; };
		545CC4D32C5CAFE800EE5F60 /* SearchViewController.swift */ = {isa = PBXFileReference; fileEncoding = 4; lastKnownFileType = sourcecode.swift; path = SearchViewController.swift; sourceTree = "<group>"; };
		545CC4D52C5CAFE900EE5F60 /* PointButton.swift */ = {isa = PBXFileReference; fileEncoding = 4; lastKnownFileType = sourcecode.swift; path = PointButton.swift; sourceTree = "<group>"; };
		545CC4D62C5CAFE900EE5F60 /* SignTextField.swift */ = {isa = PBXFileReference; fileEncoding = 4; lastKnownFileType = sourcecode.swift; path = SignTextField.swift; sourceTree = "<group>"; };
		545CC4D82C5CAFE900EE5F60 /* SignInViewController.swift */ = {isa = PBXFileReference; fileEncoding = 4; lastKnownFileType = sourcecode.swift; path = SignInViewController.swift; sourceTree = "<group>"; };
		545CC4D92C5CAFE900EE5F60 /* SignInViewModel.swift */ = {isa = PBXFileReference; fileEncoding = 4; lastKnownFileType = sourcecode.swift; path = SignInViewModel.swift; sourceTree = "<group>"; };
		545CC4E72C5CB00200EE5F60 /* Resource.swift */ = {isa = PBXFileReference; fileEncoding = 4; lastKnownFileType = sourcecode.swift; path = Resource.swift; sourceTree = "<group>"; };
/* End PBXFileReference section */

/* Begin PBXFrameworksBuildPhase section */
		545CC4B02C5CAFC400EE5F60 /* Frameworks */ = {
			isa = PBXFrameworksBuildPhase;
			buildActionMask = 2147483647;
			files = (
				545CC4F02C5CB04400EE5F60 /* RxSwift in Frameworks */,
				545CC4EE2C5CB04400EE5F60 /* RxCocoa in Frameworks */,
				545CC4EB2C5CB01500EE5F60 /* SnapKit in Frameworks */,
			);
			runOnlyForDeploymentPostprocessing = 0;
		};
/* End PBXFrameworksBuildPhase section */

/* Begin PBXGroup section */
		545CC4AA2C5CAFC400EE5F60 = {
			isa = PBXGroup;
			children = (
				545CC4B52C5CAFC400EE5F60 /* RxThreadPractice */,
				545CC4B42C5CAFC400EE5F60 /* Products */,
			);
			sourceTree = "<group>";
		};
		545CC4B42C5CAFC400EE5F60 /* Products */ = {
			isa = PBXGroup;
			children = (
				545CC4B32C5CAFC400EE5F60 /* RxThreadPractice.app */,
			);
			name = Products;
			sourceTree = "<group>";
		};
		545CC4B52C5CAFC400EE5F60 /* RxThreadPractice */ = {
			isa = PBXGroup;
			children = (
				545CC4D72C5CAFE900EE5F60 /* CustomView */,
				545CC4D42C5CAFE800EE5F60 /* Search */,
				545CC4DA2C5CAFE900EE5F60 /* SignIn */,
				545CC4D02C5CAFE800EE5F60 /* SignUp */,
				545CC4CD2C5CAFE800EE5F60 /* SignUpOptional */,
				545CC4B62C5CAFC400EE5F60 /* AppDelegate.swift */,
				545CC4B82C5CAFC400EE5F60 /* SceneDelegate.swift */,
				545CC4BA2C5CAFC400EE5F60 /* ViewController.swift */,
				545CC4BC2C5CAFC400EE5F60 /* Main.storyboard */,
				545CC4BF2C5CAFC500EE5F60 /* Assets.xcassets */,
				545CC4C12C5CAFC500EE5F60 /* LaunchScreen.storyboard */,
				545CC4C42C5CAFC500EE5F60 /* Info.plist */,
				545CC4E72C5CB00200EE5F60 /* Resource.swift */,
			);
			path = RxThreadPractice;
			sourceTree = "<group>";
		};
		545CC4CD2C5CAFE800EE5F60 /* SignUpOptional */ = {
			isa = PBXGroup;
			children = (
				545CC4CA2C5CAFE800EE5F60 /* BirthdayViewController.swift */,
				545CC4CB2C5CAFE800EE5F60 /* NicknameViewController.swift */,
				545CC4CC2C5CAFE800EE5F60 /* PhoneViewController.swift */,
			);
			path = SignUpOptional;
			sourceTree = "<group>";
		};
		545CC4D02C5CAFE800EE5F60 /* SignUp */ = {
			isa = PBXGroup;
			children = (
				545CC4CE2C5CAFE800EE5F60 /* PasswordViewController.swift */,
				545CC4CF2C5CAFE800EE5F60 /* SignUpViewController.swift */,
			);
			path = SignUp;
			sourceTree = "<group>";
		};
		545CC4D42C5CAFE800EE5F60 /* Search */ = {
			isa = PBXGroup;
			children = (
				545CC4D12C5CAFE800EE5F60 /* DetailViewController.swift */,
				545CC4D22C5CAFE800EE5F60 /* SearchTableViewCell.swift */,
				545CC4D32C5CAFE800EE5F60 /* SearchViewController.swift */,
			);
			path = Search;
			sourceTree = "<group>";
		};
		545CC4D72C5CAFE900EE5F60 /* CustomView */ = {
			isa = PBXGroup;
			children = (
				545CC4D52C5CAFE900EE5F60 /* PointButton.swift */,
				545CC4D62C5CAFE900EE5F60 /* SignTextField.swift */,
			);
			path = CustomView;
			sourceTree = "<group>";
		};
		545CC4DA2C5CAFE900EE5F60 /* SignIn */ = {
			isa = PBXGroup;
			children = (
				545CC4D82C5CAFE900EE5F60 /* SignInViewController.swift */,
				545CC4D92C5CAFE900EE5F60 /* SignInViewModel.swift */,
			);
			path = SignIn;
			sourceTree = "<group>";
		};
/* End PBXGroup section */

/* Begin PBXNativeTarget section */
		545CC4B22C5CAFC400EE5F60 /* RxThreadPractice */ = {
			isa = PBXNativeTarget;
			buildConfigurationList = 545CC4C72C5CAFC500EE5F60 /* Build configuration list for PBXNativeTarget "RxThreadPractice" */;
			buildPhases = (
				545CC4AF2C5CAFC400EE5F60 /* Sources */,
				545CC4B02C5CAFC400EE5F60 /* Frameworks */,
				545CC4B12C5CAFC400EE5F60 /* Resources */,
			);
			buildRules = (
			);
			dependencies = (
			);
			name = RxThreadPractice;
			packageProductDependencies = (
				545CC4EA2C5CB01500EE5F60 /* SnapKit */,
				545CC4ED2C5CB04400EE5F60 /* RxCocoa */,
				545CC4EF2C5CB04400EE5F60 /* RxSwift */,
			);
			productName = RxThreadPractice;
			productReference = 545CC4B32C5CAFC400EE5F60 /* RxThreadPractice.app */;
			productType = "com.apple.product-type.application";
		};
/* End PBXNativeTarget section */

/* Begin PBXProject section */
		545CC4AB2C5CAFC400EE5F60 /* Project object */ = {
			isa = PBXProject;
			attributes = {
				BuildIndependentTargetsInParallel = 1;
				LastSwiftUpdateCheck = 1530;
				LastUpgradeCheck = 1530;
				TargetAttributes = {
					545CC4B22C5CAFC400EE5F60 = {
						CreatedOnToolsVersion = 15.3;
					};
				};
			};
			buildConfigurationList = 545CC4AE2C5CAFC400EE5F60 /* Build configuration list for PBXProject "RxThreadPractice" */;
			compatibilityVersion = "Xcode 14.0";
			developmentRegion = en;
			hasScannedForEncodings = 0;
			knownRegions = (
				en,
				Base,
			);
			mainGroup = 545CC4AA2C5CAFC400EE5F60;
			packageReferences = (
				545CC4E92C5CB01500EE5F60 /* XCRemoteSwiftPackageReference "SnapKit" */,
				545CC4EC2C5CB04400EE5F60 /* XCRemoteSwiftPackageReference "RxSwift" */,
			);
			productRefGroup = 545CC4B42C5CAFC400EE5F60 /* Products */;
			projectDirPath = "";
			projectRoot = "";
			targets = (
				545CC4B22C5CAFC400EE5F60 /* RxThreadPractice */,
			);
		};
/* End PBXProject section */

/* Begin PBXResourcesBuildPhase section */
		545CC4B12C5CAFC400EE5F60 /* Resources */ = {
			isa = PBXResourcesBuildPhase;
			buildActionMask = 2147483647;
			files = (
				545CC4C02C5CAFC500EE5F60 /* Assets.xcassets in Resources */,
				545CC4C32C5CAFC500EE5F60 /* Base in Resources */,
				545CC4BE2C5CAFC400EE5F60 /* Base in Resources */,
			);
			runOnlyForDeploymentPostprocessing = 0;
		};
/* End PBXResourcesBuildPhase section */

/* Begin PBXSourcesBuildPhase section */
		545CC4AF2C5CAFC400EE5F60 /* Sources */ = {
			isa = PBXSourcesBuildPhase;
			buildActionMask = 2147483647;
			files = (
				545CC4E52C5CAFE900EE5F60 /* SignInViewController.swift in Sources */,
				545CC4E82C5CB00200EE5F60 /* Resource.swift in Sources */,
				545CC4E02C5CAFE900EE5F60 /* DetailViewController.swift in Sources */,
				545CC4E22C5CAFE900EE5F60 /* SearchViewController.swift in Sources */,
				545CC4E32C5CAFE900EE5F60 /* PointButton.swift in Sources */,
				545CC4E42C5CAFE900EE5F60 /* SignTextField.swift in Sources */,
				545CC4BB2C5CAFC400EE5F60 /* ViewController.swift in Sources */,
				545CC4DC2C5CAFE900EE5F60 /* NicknameViewController.swift in Sources */,
				545CC4DF2C5CAFE900EE5F60 /* SignUpViewController.swift in Sources */,
				545CC4DB2C5CAFE900EE5F60 /* BirthdayViewController.swift in Sources */,
				545CC4DE2C5CAFE900EE5F60 /* PasswordViewController.swift in Sources */,
				545CC4DD2C5CAFE900EE5F60 /* PhoneViewController.swift in Sources */,
				545CC4B72C5CAFC400EE5F60 /* AppDelegate.swift in Sources */,
				545CC4B92C5CAFC400EE5F60 /* SceneDelegate.swift in Sources */,
				545CC4E12C5CAFE900EE5F60 /* SearchTableViewCell.swift in Sources */,
				545CC4E62C5CAFE900EE5F60 /* SignInViewModel.swift in Sources */,
			);
			runOnlyForDeploymentPostprocessing = 0;
		};
/* End PBXSourcesBuildPhase section */

/* Begin PBXVariantGroup section */
		545CC4BC2C5CAFC400EE5F60 /* Main.storyboard */ = {
			isa = PBXVariantGroup;
			children = (
				545CC4BD2C5CAFC400EE5F60 /* Base */,
			);
			name = Main.storyboard;
			sourceTree = "<group>";
		};
		545CC4C12C5CAFC500EE5F60 /* LaunchScreen.storyboard */ = {
			isa = PBXVariantGroup;
			children = (
				545CC4C22C5CAFC500EE5F60 /* Base */,
			);
			name = LaunchScreen.storyboard;
			sourceTree = "<group>";
		};
/* End PBXVariantGroup section */

/* Begin XCBuildConfiguration section */
		545CC4C52C5CAFC500EE5F60 /* Debug */ = {
			isa = XCBuildConfiguration;
			buildSettings = {
				ALWAYS_SEARCH_USER_PATHS = NO;
				ASSETCATALOG_COMPILER_GENERATE_SWIFT_ASSET_SYMBOL_EXTENSIONS = YES;
				CLANG_ANALYZER_NONNULL = YES;
				CLANG_ANALYZER_NUMBER_OBJECT_CONVERSION = YES_AGGRESSIVE;
				CLANG_CXX_LANGUAGE_STANDARD = "gnu++20";
				CLANG_ENABLE_MODULES = YES;
				CLANG_ENABLE_OBJC_ARC = YES;
				CLANG_ENABLE_OBJC_WEAK = YES;
				CLANG_WARN_BLOCK_CAPTURE_AUTORELEASING = YES;
				CLANG_WARN_BOOL_CONVERSION = YES;
				CLANG_WARN_COMMA = YES;
				CLANG_WARN_CONSTANT_CONVERSION = YES;
				CLANG_WARN_DEPRECATED_OBJC_IMPLEMENTATIONS = YES;
				CLANG_WARN_DIRECT_OBJC_ISA_USAGE = YES_ERROR;
				CLANG_WARN_DOCUMENTATION_COMMENTS = YES;
				CLANG_WARN_EMPTY_BODY = YES;
				CLANG_WARN_ENUM_CONVERSION = YES;
				CLANG_WARN_INFINITE_RECURSION = YES;
				CLANG_WARN_INT_CONVERSION = YES;
				CLANG_WARN_NON_LITERAL_NULL_CONVERSION = YES;
				CLANG_WARN_OBJC_IMPLICIT_RETAIN_SELF = YES;
				CLANG_WARN_OBJC_LITERAL_CONVERSION = YES;
				CLANG_WARN_OBJC_ROOT_CLASS = YES_ERROR;
				CLANG_WARN_QUOTED_INCLUDE_IN_FRAMEWORK_HEADER = YES;
				CLANG_WARN_RANGE_LOOP_ANALYSIS = YES;
				CLANG_WARN_STRICT_PROTOTYPES = YES;
				CLANG_WARN_SUSPICIOUS_MOVE = YES;
				CLANG_WARN_UNGUARDED_AVAILABILITY = YES_AGGRESSIVE;
				CLANG_WARN_UNREACHABLE_CODE = YES;
				CLANG_WARN__DUPLICATE_METHOD_MATCH = YES;
				COPY_PHASE_STRIP = NO;
				DEBUG_INFORMATION_FORMAT = dwarf;
				ENABLE_STRICT_OBJC_MSGSEND = YES;
				ENABLE_TESTABILITY = YES;
				ENABLE_USER_SCRIPT_SANDBOXING = YES;
				GCC_C_LANGUAGE_STANDARD = gnu17;
				GCC_DYNAMIC_NO_PIC = NO;
				GCC_NO_COMMON_BLOCKS = YES;
				GCC_OPTIMIZATION_LEVEL = 0;
				GCC_PREPROCESSOR_DEFINITIONS = (
					"DEBUG=1",
					"$(inherited)",
				);
				GCC_WARN_64_TO_32_BIT_CONVERSION = YES;
				GCC_WARN_ABOUT_RETURN_TYPE = YES_ERROR;
				GCC_WARN_UNDECLARED_SELECTOR = YES;
				GCC_WARN_UNINITIALIZED_AUTOS = YES_AGGRESSIVE;
				GCC_WARN_UNUSED_FUNCTION = YES;
				GCC_WARN_UNUSED_VARIABLE = YES;
				IPHONEOS_DEPLOYMENT_TARGET = 17.4;
				LOCALIZATION_PREFERS_STRING_CATALOGS = YES;
				MTL_ENABLE_DEBUG_INFO = INCLUDE_SOURCE;
				MTL_FAST_MATH = YES;
				ONLY_ACTIVE_ARCH = YES;
				SDKROOT = iphoneos;
				SWIFT_ACTIVE_COMPILATION_CONDITIONS = "DEBUG $(inherited)";
				SWIFT_OPTIMIZATION_LEVEL = "-Onone";
			};
			name = Debug;
		};
		545CC4C62C5CAFC500EE5F60 /* Release */ = {
			isa = XCBuildConfiguration;
			buildSettings = {
				ALWAYS_SEARCH_USER_PATHS = NO;
				ASSETCATALOG_COMPILER_GENERATE_SWIFT_ASSET_SYMBOL_EXTENSIONS = YES;
				CLANG_ANALYZER_NONNULL = YES;
				CLANG_ANALYZER_NUMBER_OBJECT_CONVERSION = YES_AGGRESSIVE;
				CLANG_CXX_LANGUAGE_STANDARD = "gnu++20";
				CLANG_ENABLE_MODULES = YES;
				CLANG_ENABLE_OBJC_ARC = YES;
				CLANG_ENABLE_OBJC_WEAK = YES;
				CLANG_WARN_BLOCK_CAPTURE_AUTORELEASING = YES;
				CLANG_WARN_BOOL_CONVERSION = YES;
				CLANG_WARN_COMMA = YES;
				CLANG_WARN_CONSTANT_CONVERSION = YES;
				CLANG_WARN_DEPRECATED_OBJC_IMPLEMENTATIONS = YES;
				CLANG_WARN_DIRECT_OBJC_ISA_USAGE = YES_ERROR;
				CLANG_WARN_DOCUMENTATION_COMMENTS = YES;
				CLANG_WARN_EMPTY_BODY = YES;
				CLANG_WARN_ENUM_CONVERSION = YES;
				CLANG_WARN_INFINITE_RECURSION = YES;
				CLANG_WARN_INT_CONVERSION = YES;
				CLANG_WARN_NON_LITERAL_NULL_CONVERSION = YES;
				CLANG_WARN_OBJC_IMPLICIT_RETAIN_SELF = YES;
				CLANG_WARN_OBJC_LITERAL_CONVERSION = YES;
				CLANG_WARN_OBJC_ROOT_CLASS = YES_ERROR;
				CLANG_WARN_QUOTED_INCLUDE_IN_FRAMEWORK_HEADER = YES;
				CLANG_WARN_RANGE_LOOP_ANALYSIS = YES;
				CLANG_WARN_STRICT_PROTOTYPES = YES;
				CLANG_WARN_SUSPICIOUS_MOVE = YES;
				CLANG_WARN_UNGUARDED_AVAILABILITY = YES_AGGRESSIVE;
				CLANG_WARN_UNREACHABLE_CODE = YES;
				CLANG_WARN__DUPLICATE_METHOD_MATCH = YES;
				COPY_PHASE_STRIP = NO;
				DEBUG_INFORMATION_FORMAT = "dwarf-with-dsym";
				ENABLE_NS_ASSERTIONS = NO;
				ENABLE_STRICT_OBJC_MSGSEND = YES;
				ENABLE_USER_SCRIPT_SANDBOXING = YES;
				GCC_C_LANGUAGE_STANDARD = gnu17;
				GCC_NO_COMMON_BLOCKS = YES;
				GCC_WARN_64_TO_32_BIT_CONVERSION = YES;
				GCC_WARN_ABOUT_RETURN_TYPE = YES_ERROR;
				GCC_WARN_UNDECLARED_SELECTOR = YES;
				GCC_WARN_UNINITIALIZED_AUTOS = YES_AGGRESSIVE;
				GCC_WARN_UNUSED_FUNCTION = YES;
				GCC_WARN_UNUSED_VARIABLE = YES;
				IPHONEOS_DEPLOYMENT_TARGET = 17.4;
				LOCALIZATION_PREFERS_STRING_CATALOGS = YES;
				MTL_ENABLE_DEBUG_INFO = NO;
				MTL_FAST_MATH = YES;
				SDKROOT = iphoneos;
				SWIFT_COMPILATION_MODE = wholemodule;
				VALIDATE_PRODUCT = YES;
			};
			name = Release;
		};
		545CC4C82C5CAFC500EE5F60 /* Debug */ = {
			isa = XCBuildConfiguration;
			buildSettings = {
				ASSETCATALOG_COMPILER_APPICON_NAME = AppIcon;
				ASSETCATALOG_COMPILER_GLOBAL_ACCENT_COLOR_NAME = AccentColor;
				CODE_SIGN_STYLE = Automatic;
				CURRENT_PROJECT_VERSION = 1;
				DEVELOPMENT_TEAM = 82M3Y9RKT2;
				GENERATE_INFOPLIST_FILE = YES;
				INFOPLIST_FILE = RxThreadPractice/Info.plist;
				INFOPLIST_KEY_UIApplicationSupportsIndirectInputEvents = YES;
				INFOPLIST_KEY_UILaunchStoryboardName = LaunchScreen;
				INFOPLIST_KEY_UIMainStoryboardFile = Main;
				INFOPLIST_KEY_UISupportedInterfaceOrientations_iPad = "UIInterfaceOrientationPortrait UIInterfaceOrientationPortraitUpsideDown UIInterfaceOrientationLandscapeLeft UIInterfaceOrientationLandscapeRight";
				INFOPLIST_KEY_UISupportedInterfaceOrientations_iPhone = "UIInterfaceOrientationPortrait UIInterfaceOrientationLandscapeLeft UIInterfaceOrientationLandscapeRight";
				LD_RUNPATH_SEARCH_PATHS = (
					"$(inherited)",
					"@executable_path/Frameworks",
				);
				MARKETING_VERSION = 1.0;
				PRODUCT_BUNDLE_IDENTIFIER = com.lcho3878.RxThreadPractice;
				PRODUCT_NAME = "$(TARGET_NAME)";
				SWIFT_EMIT_LOC_STRINGS = YES;
				SWIFT_VERSION = 5.0;
				TARGETED_DEVICE_FAMILY = "1,2";
			};
			name = Debug;
		};
		545CC4C92C5CAFC500EE5F60 /* Release */ = {
			isa = XCBuildConfiguration;
			buildSettings = {
				ASSETCATALOG_COMPILER_APPICON_NAME = AppIcon;
				ASSETCATALOG_COMPILER_GLOBAL_ACCENT_COLOR_NAME = AccentColor;
				CODE_SIGN_STYLE = Automatic;
				CURRENT_PROJECT_VERSION = 1;
				DEVELOPMENT_TEAM = 82M3Y9RKT2;
				GENERATE_INFOPLIST_FILE = YES;
				INFOPLIST_FILE = RxThreadPractice/Info.plist;
				INFOPLIST_KEY_UIApplicationSupportsIndirectInputEvents = YES;
				INFOPLIST_KEY_UILaunchStoryboardName = LaunchScreen;
				INFOPLIST_KEY_UIMainStoryboardFile = Main;
				INFOPLIST_KEY_UISupportedInterfaceOrientations_iPad = "UIInterfaceOrientationPortrait UIInterfaceOrientationPortraitUpsideDown UIInterfaceOrientationLandscapeLeft UIInterfaceOrientationLandscapeRight";
				INFOPLIST_KEY_UISupportedInterfaceOrientations_iPhone = "UIInterfaceOrientationPortrait UIInterfaceOrientationLandscapeLeft UIInterfaceOrientationLandscapeRight";
				LD_RUNPATH_SEARCH_PATHS = (
					"$(inherited)",
					"@executable_path/Frameworks",
				);
				MARKETING_VERSION = 1.0;
				PRODUCT_BUNDLE_IDENTIFIER = com.lcho3878.RxThreadPractice;
				PRODUCT_NAME = "$(TARGET_NAME)";
				SWIFT_EMIT_LOC_STRINGS = YES;
				SWIFT_VERSION = 5.0;
				TARGETED_DEVICE_FAMILY = "1,2";
			};
			name = Release;
		};
/* End XCBuildConfiguration section */

/* Begin XCConfigurationList section */
		545CC4AE2C5CAFC400EE5F60 /* Build configuration list for PBXProject "RxThreadPractice" */ = {
			isa = XCConfigurationList;
			buildConfigurations = (
				545CC4C52C5CAFC500EE5F60 /* Debug */,
				545CC4C62C5CAFC500EE5F60 /* Release */,
			);
			defaultConfigurationIsVisible = 0;
			defaultConfigurationName = Release;
		};
		545CC4C72C5CAFC500EE5F60 /* Build configuration list for PBXNativeTarget "RxThreadPractice" */ = {
			isa = XCConfigurationList;
			buildConfigurations = (
				545CC4C82C5CAFC500EE5F60 /* Debug */,
				545CC4C92C5CAFC500EE5F60 /* Release */,
			);
			defaultConfigurationIsVisible = 0;
			defaultConfigurationName = Release;
		};
/* End XCConfigurationList section */

/* Begin XCRemoteSwiftPackageReference section */
		545CC4E92C5CB01500EE5F60 /* XCRemoteSwiftPackageReference "SnapKit" */ = {
			isa = XCRemoteSwiftPackageReference;
			repositoryURL = "https://github.com/SnapKit/SnapKit";
			requirement = {
				kind = upToNextMajorVersion;
				minimumVersion = 5.7.1;
			};
		};
		545CC4EC2C5CB04400EE5F60 /* XCRemoteSwiftPackageReference "RxSwift" */ = {
			isa = XCRemoteSwiftPackageReference;
			repositoryURL = "https://github.com/ReactiveX/RxSwift";
			requirement = {
				kind = upToNextMajorVersion;
				minimumVersion = 6.7.1;
			};
		};
/* End XCRemoteSwiftPackageReference section */

/* Begin XCSwiftPackageProductDependency section */
		545CC4EA2C5CB01500EE5F60 /* SnapKit */ = {
			isa = XCSwiftPackageProductDependency;
			package = 545CC4E92C5CB01500EE5F60 /* XCRemoteSwiftPackageReference "SnapKit" */;
			productName = SnapKit;
		};
		545CC4ED2C5CB04400EE5F60 /* RxCocoa */ = {
			isa = XCSwiftPackageProductDependency;
			package = 545CC4EC2C5CB04400EE5F60 /* XCRemoteSwiftPackageReference "RxSwift" */;
			productName = RxCocoa;
		};
		545CC4EF2C5CB04400EE5F60 /* RxSwift */ = {
			isa = XCSwiftPackageProductDependency;
			package = 545CC4EC2C5CB04400EE5F60 /* XCRemoteSwiftPackageReference "RxSwift" */;
			productName = RxSwift;
		};
/* End XCSwiftPackageProductDependency section */
	};
	rootObject = 545CC4AB2C5CAFC400EE5F60 /* Project object */;
}
